{
  "name": "axe-selenium-python",
  "version": "0.0.1",
  "lockfileVersion": 3,
  "requires": true,
  "packages": {
    "": {
      "name": "axe-selenium-python",
      "version": "0.0.1",
      "license": "MPL-2.0",
      "dependencies": {
        "axe-core": ">=4.9.1"
      }
    },
    "node_modules/axe-core": {
      "version": "4.9.1",
      "resolved": "https://registry.npmjs.org/axe-core/-/axe-core-4.9.1.tgz",
      "integrity": "sha512-QbUdXJVTpvUTHU7871ppZkdOLBeGUKBQWHkHrvN2V9IQWGMt61zf3B45BtzjxEJzYuj0JBjBZP/hmYS/R9pmAw==",
      "engines": {
        "node": ">=4"
      }
    }
  }
}
