{
  "name": "axe-selenium-python",
  "version": "0.0.1",
  "lockfileVersion": 1,
  "requires": true,
  "dependencies": {
    "axe-core": {
      "version": "4.4.3",
      "resolved": "https://registry.npmjs.org/axe-core/-/axe-core-4.4.3.tgz",
      "integrity": "sha512-Uvtmr6OtFO5xZbgCWJjVa6QE/UBnixOUdA5+ZQM1CeJH8jfrSpN/xD8h4NCHe+Xss4Xr/HtNZrdOLRhyRGhvAQ=="
    }
  }
}
